{
  "version": 4,
  "terraform_version": "1.0.9",
  "serial": 2476,
  "lineage": "e95c8b55-d407-8439-7b9f-2ee215b88330",
  "outputs": {
    "alb_dns_name": {
      "value": "http://umgcoatepeque-alb-1525852177.us-east-2.elb.amazonaws.com",
      "type": "string"
    }
  },
  "resources": [
    {
      "mode": "data",
      "type": "aws_ami",
      "name": "ubuntu-ami",
      "provider": "provider[\"registry.terraform.io/hashicorp/aws\"]",
      "instances": [
        {
          "schema_version": 0,
          "attributes": {
            "architecture": "x86_64",
            "arn": "arn:aws:ec2:us-east-2::image/ami-0a040c35ca945058a",
            "block_device_mappings": [
              {
                "device_name": "/dev/sda1",
                "ebs": {
                  "delete_on_termination": "true",
                  "encrypted": "false",
                  "iops": "0",
                  "snapshot_id": "snap-09c9fb96c10057785",
                  "throughput": "0",
                  "volume_size": "8",
                  "volume_type": "gp2"
                },
                "no_device": "",
                "virtual_name": ""
              },
              {
                "device_name": "/dev/sdb",
                "ebs": {},
                "no_device": "",
                "virtual_name": "ephemeral0"
              },
              {
                "device_name": "/dev/sdc",
                "ebs": {},
                "no_device": "",
                "virtual_name": "ephemeral1"
              }
            ],
            "creation_date": "2020-05-07T13:46:19.000Z",
            "description": "Canonical, Ubuntu, 18.04 LTS, amd64 bionic image build on 2020-04-30",
            "ena_support": true,
            "executable_users": null,
            "filter": [
              {
                "name": "name",
                "values": [
                  "ubuntu/images/hvm-ssd/ubuntu-bionic-18.04-amd64-server-20200430"
                ]
              }
            ],
            "hypervisor": "xen",
            "id": "ami-0a040c35ca945058a",
            "image_id": "ami-0a040c35ca945058a",
            "image_location": "099720109477/ubuntu/images/hvm-ssd/ubuntu-bionic-18.04-amd64-server-20200430",
            "image_owner_alias": null,
            "image_type": "machine",
            "kernel_id": null,
            "most_recent": true,
            "name": "ubuntu/images/hvm-ssd/ubuntu-bionic-18.04-amd64-server-20200430",
            "name_regex": null,
            "owner_id": "099720109477",
            "owners": [
              "099720109477"
            ],
            "platform": null,
            "platform_details": "Linux/UNIX",
            "product_codes": [],
            "public": true,
            "ramdisk_id": null,
            "root_device_name": "/dev/sda1",
            "root_device_type": "ebs",
            "root_snapshot_id": "snap-09c9fb96c10057785",
            "sriov_net_support": "simple",
            "state": "available",
            "state_reason": {
              "code": "UNSET",
              "message": "UNSET"
            },
            "tags": {},
            "usage_operation": "RunInstances",
            "virtualization_type": "hvm"
          },
          "sensitive_attributes": []
        }
      ]
    },
    {
      "module": "module.umg_alb_asg",
      "mode": "managed",
      "type": "aws_autoscaling_group",
      "name": "my-autoscaling",
      "provider": "provider[\"registry.terraform.io/hashicorp/aws\"]",
      "instances": [
        {
          "schema_version": 0,
          "attributes": {
            "arn": "arn:aws:autoscaling:us-east-2:171114713287:autoScalingGroup:05ad1f68-cc5b-4391-a300-5edc53e9ae75:autoScalingGroupName/umgcoatepeque-autoscaling",
            "availability_zones": [
              "us-east-2a",
              "us-east-2b"
            ],
            "capacity_rebalance": false,
            "default_cooldown": 300,
            "desired_capacity": 2,
            "enabled_metrics": null,
            "force_delete": true,
            "force_delete_warm_pool": false,
            "health_check_grace_period": 300,
            "health_check_type": "ELB",
            "id": "umgcoatepeque-autoscaling",
            "initial_lifecycle_hook": [],
            "instance_refresh": [],
            "launch_configuration": "umgcoatepeque-launchconfig20211116170422500400000001",
            "launch_template": [],
            "load_balancers": null,
            "max_instance_lifetime": 0,
            "max_size": 3,
            "metrics_granularity": "1Minute",
            "min_elb_capacity": null,
            "min_size": 2,
            "mixed_instances_policy": [],
            "name": "umgcoatepeque-autoscaling",
            "name_prefix": "",
            "placement_group": "",
            "protect_from_scale_in": false,
            "service_linked_role_arn": "arn:aws:iam::171114713287:role/aws-service-role/autoscaling.amazonaws.com/AWSServiceRoleForAutoScaling",
            "suspended_processes": null,
            "tag": [
              {
                "key": "Name",
                "propagate_at_launch": true,
                "value": "umgcoatepeque-asg"
              }
            ],
            "tags": null,
            "target_group_arns": [
              "arn:aws:elasticloadbalancing:us-east-2:171114713287:targetgroup/umgcoatepeque-tg/2b814c764b6fc279"
            ],
            "termination_policies": null,
            "timeouts": null,
            "vpc_zone_identifier": [
              "subnet-0183dcacb4a865f76",
              "subnet-0af3668b8c907a412"
            ],
            "wait_for_capacity_timeout": "10m",
            "wait_for_elb_capacity": null,
            "warm_pool": []
          },
          "sensitive_attributes": [],
          "private": "eyJlMmJmYjczMC1lY2FhLTExZTYtOGY4OC0zNDM2M2JjN2M0YzAiOnsiZGVsZXRlIjo2MDAwMDAwMDAwMDB9fQ==",
          "dependencies": [
            "data.aws_ami.ubuntu-ami",
            "module.umg_alb_asg.aws_key_pair.mykeypair",
            "module.umg_alb_asg.aws_launch_configuration.my-launchconfig",
            "module.umg_alb_asg.aws_lb_target_group.my-alb-target-group",
            "module.umg_alb_asg.aws_security_group.sg-alb",
            "module.umg_alb_asg.aws_security_group.sg-instances",
            "module.umg_ec2_a_s3.aws_iam_instance_profile.s3-mybucket-role-instanceprofile",
            "module.umg_ec2_a_s3.aws_iam_role.s3-mybucket-role",
            "module.umg_rds.aws_db_instance.mysql",
            "module.umg_rds.aws_db_subnet_group.mysql-subnet",
            "module.umg_rds.aws_security_group.mysql-sg",
            "module.umg_vpc.aws_subnet.main-private",
            "module.umg_vpc.aws_vpc.main"
          ]
        }
      ]
    },
    {
      "module": "module.umg_alb_asg",
      "mode": "managed",
      "type": "aws_instance",
      "name": "bastion_host",
      "provider": "provider[\"registry.terraform.io/hashicorp/aws\"]",
      "instances": [
        {
          "schema_version": 1,
          "attributes": {
            "ami": "ami-0f19d220602031aed",
            "arn": "arn:aws:ec2:us-east-2:171114713287:instance/i-003f562959fd7c1c4",
            "associate_public_ip_address": true,
            "availability_zone": "us-east-2b",
            "capacity_reservation_specification": [
              {
                "capacity_reservation_preference": "open",
                "capacity_reservation_target": []
              }
            ],
            "cpu_core_count": 1,
            "cpu_threads_per_core": 1,
            "credit_specification": [
              {
                "cpu_credits": "standard"
              }
            ],
            "disable_api_termination": false,
            "ebs_block_device": [],
            "ebs_optimized": false,
            "enclave_options": [
              {
                "enabled": false
              }
            ],
            "ephemeral_block_device": [],
            "get_password_data": false,
            "hibernation": false,
            "host_id": null,
            "iam_instance_profile": "",
            "id": "i-003f562959fd7c1c4",
            "instance_initiated_shutdown_behavior": "stop",
            "instance_state": "running",
            "instance_type": "t2.micro",
            "ipv6_address_count": 0,
            "ipv6_addresses": [],
            "key_name": "umgcoatepeque-key",
            "launch_template": [],
            "metadata_options": [
              {
                "http_endpoint": "enabled",
                "http_put_response_hop_limit": 1,
                "http_tokens": "optional"
              }
            ],
            "monitoring": false,
            "network_interface": [],
            "outpost_arn": "",
            "password_data": "",
            "placement_group": "",
            "placement_partition_number": null,
            "primary_network_interface_id": "eni-09161203254026249",
            "private_dns": "ip-10-0-2-187.us-east-2.compute.internal",
            "private_ip": "10.0.2.187",
            "public_dns": "ec2-18-220-251-69.us-east-2.compute.amazonaws.com",
            "public_ip": "18.220.251.69",
            "root_block_device": [
              {
                "delete_on_termination": true,
                "device_name": "/dev/xvda",
                "encrypted": false,
                "iops": 100,
                "kms_key_id": "",
                "tags": {},
                "throughput": 0,
                "volume_id": "vol-084f5cc6ab5e5698e",
                "volume_size": 8,
                "volume_type": "gp2"
              }
            ],
            "secondary_private_ips": [],
            "security_groups": [],
            "source_dest_check": true,
            "subnet_id": "subnet-08e4b206ec9bb0023",
            "tags": {
              "Name": "Bastion_host"
            },
            "tags_all": {
              "Name": "Bastion_host"
            },
            "tenancy": "default",
            "timeouts": null,
            "user_data": null,
            "user_data_base64": null,
            "volume_tags": null,
            "vpc_security_group_ids": [
              "sg-0040b9997a171e181"
            ]
          },
          "sensitive_attributes": [],
          "private": "eyJlMmJmYjczMC1lY2FhLTExZTYtOGY4OC0zNDM2M2JjN2M0YzAiOnsiY3JlYXRlIjo2MDAwMDAwMDAwMDAsImRlbGV0ZSI6MTIwMDAwMDAwMDAwMCwidXBkYXRlIjo2MDAwMDAwMDAwMDB9LCJzY2hlbWFfdmVyc2lvbiI6IjEifQ==",
          "dependencies": [
            "module.umg_alb_asg.aws_security_group.bastion_host",
            "module.umg_vpc.aws_subnet.main-public",
            "module.umg_vpc.aws_vpc.main"
          ]
        }
      ]
    },
    {
      "module": "module.umg_alb_asg",
      "mode": "managed",
      "type": "aws_key_pair",
      "name": "mykeypair",
      "provider": "provider[\"registry.terraform.io/hashicorp/aws\"]",
      "instances": [
        {
          "schema_version": 1,
          "attributes": {
            "arn": "arn:aws:ec2:us-east-2:171114713287:key-pair/umgcoatepeque-key",
            "fingerprint": "58:26:8a:9a:f5:ae:dd:72:f1:26:f1:00:6e:1f:2d:17",
            "id": "umgcoatepeque-key",
            "key_name": "umgcoatepeque-key",
            "key_name_prefix": null,
            "key_pair_id": "key-04e44d60b5b8517b5",
            "public_key": "ssh-rsa AAAAB3NzaC1yc2EAAAADAQABAAABgQC496h5bDQHrC4EBkX0LRsi6WyqhuDBn5zCwIe3bGOLHgmTAnLNIEqBAjD7TiEO/CKEwK0/uqYAdmo5WVQD9RSsyrfb8t4nm2oknmDIGFOjeymk86+zzcAve6L02HFldNDMQIJnm5cHXU3nHk6apZ/4zCpXZ4DdGvMesy6TZoJRR7zEQPpZGfMMjuw3mI+ZsqNKbTZbV5wuRNh8CSXTDV6kfPFLv1E93tfpnzjU+ssjV7+4EjcsEbac6IqgJzPJuwdOEV8yAfewf/GyqFaKtKF1486oEBs7OKZhCJh4byaGIlk5MJzcoND/7lwxVlM0WYiY+AaUsZOy6tVdXb9zoX07VB0vQdoIfgW+TfmOhUggmj9adnWoFORy7iILIpbM8RUGmaHpCtt8Q8PwtKtVtoMOHz7usmET3b5nL10aC7Dykzs+yUt+dj9S99wMjJCaRUb2vaHwo7VHz01u32NaaJ03R03XZ8AoMQCDll/QovXdzcds/qXhQGNNWz8RZXCoB0M= david-pc@DESKTOP-PVL5D78",
            "tags": null,
            "tags_all": {}
          },
          "sensitive_attributes": [],
          "private": "eyJzY2hlbWFfdmVyc2lvbiI6IjEifQ==",
          "create_before_destroy": true
        }
      ]
    },
    {
      "module": "module.umg_alb_asg",
      "mode": "managed",
      "type": "aws_launch_configuration",
      "name": "my-launchconfig",
      "provider": "provider[\"registry.terraform.io/hashicorp/aws\"]",
      "instances": [
        {
          "schema_version": 0,
          "attributes": {
            "arn": "arn:aws:autoscaling:us-east-2:171114713287:launchConfiguration:e4dc2438-65e7-4a32-99fc-ef3ebe46ddb6:launchConfigurationName/umgcoatepeque-launchconfig20211116170422500400000001",
            "associate_public_ip_address": false,
            "ebs_block_device": [],
            "ebs_optimized": false,
            "enable_monitoring": true,
            "ephemeral_block_device": [],
            "iam_instance_profile": "umgcoatepeque-s3-umgcoatepeque-s3-bucket-sistema-php-role-profile",
            "id": "umgcoatepeque-launchconfig20211116170422500400000001",
            "image_id": "ami-0a040c35ca945058a",
            "instance_type": "t2.micro",
            "key_name": "umgcoatepeque-key",
            "metadata_options": [],
            "name": "umgcoatepeque-launchconfig20211116170422500400000001",
            "name_prefix": "umgcoatepeque-launchconfig",
            "placement_tenancy": null,
            "root_block_device": [],
            "security_groups": [
              "sg-08c29e2aa64c6eaaf"
            ],
            "spot_price": "",
            "user_data": "ef07b8521442f086037eacf4052780074dd85975",
            "user_data_base64": null,
            "vpc_classic_link_id": "",
            "vpc_classic_link_security_groups": null
          },
          "sensitive_attributes": [],
          "private": "bnVsbA==",
          "dependencies": [
            "data.aws_ami.ubuntu-ami",
            "module.umg_alb_asg.aws_key_pair.mykeypair",
            "module.umg_alb_asg.aws_security_group.sg-alb",
            "module.umg_alb_asg.aws_security_group.sg-instances",
            "module.umg_ec2_a_s3.aws_iam_instance_profile.s3-mybucket-role-instanceprofile",
            "module.umg_ec2_a_s3.aws_iam_role.s3-mybucket-role",
            "module.umg_rds.aws_db_instance.mysql",
            "module.umg_rds.aws_db_subnet_group.mysql-subnet",
            "module.umg_rds.aws_security_group.mysql-sg",
            "module.umg_vpc.aws_subnet.main-private",
            "module.umg_vpc.aws_vpc.main"
          ],
          "create_before_destroy": true
        }
      ]
    },
    {
      "module": "module.umg_alb_asg",
      "mode": "managed",
      "type": "aws_lb",
      "name": "my-alb",
      "provider": "provider[\"registry.terraform.io/hashicorp/aws\"]",
      "instances": [
        {
          "schema_version": 0,
          "attributes": {
            "access_logs": [
              {
                "bucket": "",
                "enabled": false,
                "prefix": ""
              }
            ],
            "arn": "arn:aws:elasticloadbalancing:us-east-2:171114713287:loadbalancer/app/umgcoatepeque-alb/296d473b7db76d44",
            "arn_suffix": "app/umgcoatepeque-alb/296d473b7db76d44",
            "customer_owned_ipv4_pool": "",
            "dns_name": "umgcoatepeque-alb-1525852177.us-east-2.elb.amazonaws.com",
            "drop_invalid_header_fields": false,
            "enable_cross_zone_load_balancing": null,
            "enable_deletion_protection": false,
            "enable_http2": true,
            "id": "arn:aws:elasticloadbalancing:us-east-2:171114713287:loadbalancer/app/umgcoatepeque-alb/296d473b7db76d44",
            "idle_timeout": 60,
            "internal": false,
            "ip_address_type": "ipv4",
            "load_balancer_type": "application",
            "name": "umgcoatepeque-alb",
            "name_prefix": null,
            "security_groups": [
              "sg-0dc0a0334c1e5f292"
            ],
            "subnet_mapping": [
              {
                "allocation_id": "",
                "ipv6_address": "",
                "outpost_id": "",
                "private_ipv4_address": "",
                "subnet_id": "subnet-08e4b206ec9bb0023"
              },
              {
                "allocation_id": "",
                "ipv6_address": "",
                "outpost_id": "",
                "private_ipv4_address": "",
                "subnet_id": "subnet-0bc0479b3723dcbf4"
              }
            ],
            "subnets": [
              "subnet-08e4b206ec9bb0023",
              "subnet-0bc0479b3723dcbf4"
            ],
            "tags": {
              "Name": "alb-tf"
            },
            "tags_all": {
              "Name": "alb-tf"
            },
            "timeouts": null,
            "vpc_id": "vpc-0dc2e35cb75b41c99",
            "zone_id": "Z3AADJGX6KTTL2"
          },
          "sensitive_attributes": [],
          "private": "eyJlMmJmYjczMC1lY2FhLTExZTYtOGY4OC0zNDM2M2JjN2M0YzAiOnsiY3JlYXRlIjo2MDAwMDAwMDAwMDAsImRlbGV0ZSI6NjAwMDAwMDAwMDAwLCJ1cGRhdGUiOjYwMDAwMDAwMDAwMH19",
          "dependencies": [
            "module.umg_alb_asg.aws_security_group.sg-alb",
            "module.umg_vpc.aws_subnet.main-public",
            "module.umg_vpc.aws_vpc.main"
          ]
        }
      ]
    },
    {
      "module": "module.umg_alb_asg",
      "mode": "managed",
      "type": "aws_lb_listener",
      "name": "alb-listener",
      "provider": "provider[\"registry.terraform.io/hashicorp/aws\"]",
      "instances": [
        {
          "schema_version": 0,
          "attributes": {
            "alpn_policy": null,
            "arn": "arn:aws:elasticloadbalancing:us-east-2:171114713287:listener/app/umgcoatepeque-alb/296d473b7db76d44/f205f1492b94964d",
            "certificate_arn": null,
            "default_action": [
              {
                "authenticate_cognito": [],
                "authenticate_oidc": [],
                "fixed_response": [],
                "forward": [],
                "order": 1,
                "redirect": [],
                "target_group_arn": "arn:aws:elasticloadbalancing:us-east-2:171114713287:targetgroup/umgcoatepeque-tg/2b814c764b6fc279",
                "type": "forward"
              }
            ],
            "id": "arn:aws:elasticloadbalancing:us-east-2:171114713287:listener/app/umgcoatepeque-alb/296d473b7db76d44/f205f1492b94964d",
            "load_balancer_arn": "arn:aws:elasticloadbalancing:us-east-2:171114713287:loadbalancer/app/umgcoatepeque-alb/296d473b7db76d44",
            "port": 80,
            "protocol": "HTTP",
            "ssl_policy": "",
            "tags": null,
            "tags_all": {},
            "timeouts": null
          },
          "sensitive_attributes": [],
          "private": "eyJlMmJmYjczMC1lY2FhLTExZTYtOGY4OC0zNDM2M2JjN2M0YzAiOnsicmVhZCI6NjAwMDAwMDAwMDAwfX0=",
          "dependencies": [
            "module.umg_alb_asg.aws_lb.my-alb",
            "module.umg_alb_asg.aws_lb_target_group.my-alb-target-group",
            "module.umg_alb_asg.aws_security_group.sg-alb",
            "module.umg_vpc.aws_subnet.main-public",
            "module.umg_vpc.aws_vpc.main"
          ]
        }
      ]
    },
    {
      "module": "module.umg_alb_asg",
      "mode": "managed",
      "type": "aws_lb_target_group",
      "name": "my-alb-target-group",
      "provider": "provider[\"registry.terraform.io/hashicorp/aws\"]",
      "instances": [
        {
          "schema_version": 0,
          "attributes": {
            "arn": "arn:aws:elasticloadbalancing:us-east-2:171114713287:targetgroup/umgcoatepeque-tg/2b814c764b6fc279",
            "arn_suffix": "targetgroup/umgcoatepeque-tg/2b814c764b6fc279",
            "deregistration_delay": "300",
            "health_check": [
              {
                "enabled": true,
                "healthy_threshold": 5,
                "interval": 30,
                "matcher": "200",
                "path": "/",
                "port": "traffic-port",
                "protocol": "HTTP",
                "timeout": 5,
                "unhealthy_threshold": 2
              }
            ],
            "id": "arn:aws:elasticloadbalancing:us-east-2:171114713287:targetgroup/umgcoatepeque-tg/2b814c764b6fc279",
            "lambda_multi_value_headers_enabled": false,
            "load_balancing_algorithm_type": "round_robin",
            "name": "umgcoatepeque-tg",
            "name_prefix": null,
            "port": 80,
            "preserve_client_ip": null,
            "protocol": "HTTP",
            "protocol_version": "HTTP1",
            "proxy_protocol_v2": false,
            "slow_start": 0,
            "stickiness": [
              {
                "cookie_duration": 86400,
                "cookie_name": "",
                "enabled": false,
                "type": "lb_cookie"
              }
            ],
            "tags": null,
            "tags_all": {},
            "target_type": "instance",
            "vpc_id": "vpc-0dc2e35cb75b41c99"
          },
          "sensitive_attributes": [],
          "private": "bnVsbA==",
          "dependencies": [
            "module.umg_vpc.aws_vpc.main"
          ]
        }
      ]
    },
    {
      "module": "module.umg_alb_asg",
      "mode": "managed",
      "type": "aws_security_group",
      "name": "bastion_host",
      "provider": "provider[\"registry.terraform.io/hashicorp/aws\"]",
      "instances": [
        {
          "schema_version": 1,
          "attributes": {
            "arn": "arn:aws:ec2:us-east-2:171114713287:security-group/sg-0040b9997a171e181",
            "description": "permitir SSH",
            "egress": [
              {
                "cidr_blocks": [
                  "0.0.0.0/0"
                ],
                "description": "",
                "from_port": 0,
                "ipv6_cidr_blocks": [],
                "prefix_list_ids": [],
                "protocol": "-1",
                "security_groups": [],
                "self": false,
                "to_port": 0
              }
            ],
            "id": "sg-0040b9997a171e181",
            "ingress": [
              {
                "cidr_blocks": [
                  "0.0.0.0/0"
                ],
                "description": "SSH VPC",
                "from_port": 22,
                "ipv6_cidr_blocks": [],
                "prefix_list_ids": [],
                "protocol": "tcp",
                "security_groups": [],
                "self": false,
                "to_port": 22
              }
            ],
            "name": "bastion_host_SG",
            "name_prefix": "",
            "owner_id": "171114713287",
            "revoke_rules_on_delete": false,
            "tags": null,
            "tags_all": {},
            "timeouts": null,
            "vpc_id": "vpc-0dc2e35cb75b41c99"
          },
          "sensitive_attributes": [],
          "private": "eyJlMmJmYjczMC1lY2FhLTExZTYtOGY4OC0zNDM2M2JjN2M0YzAiOnsiY3JlYXRlIjo2MDAwMDAwMDAwMDAsImRlbGV0ZSI6OTAwMDAwMDAwMDAwfSwic2NoZW1hX3ZlcnNpb24iOiIxIn0=",
          "dependencies": [
            "module.umg_vpc.aws_vpc.main"
          ]
        }
      ]
    },
    {
      "module": "module.umg_alb_asg",
      "mode": "managed",
      "type": "aws_security_group",
      "name": "sg-alb",
      "provider": "provider[\"registry.terraform.io/hashicorp/aws\"]",
      "instances": [
        {
          "schema_version": 1,
          "attributes": {
            "arn": "arn:aws:ec2:us-east-2:171114713287:security-group/sg-0dc0a0334c1e5f292",
            "description": "security group para el balanceador de carga",
            "egress": [
              {
                "cidr_blocks": [
                  "0.0.0.0/0"
                ],
                "description": "",
                "from_port": 0,
                "ipv6_cidr_blocks": [],
                "prefix_list_ids": [],
                "protocol": "-1",
                "security_groups": [],
                "self": false,
                "to_port": 0
              }
            ],
            "id": "sg-0dc0a0334c1e5f292",
            "ingress": [
              {
                "cidr_blocks": [
                  "0.0.0.0/0"
                ],
                "description": "",
                "from_port": 80,
                "ipv6_cidr_blocks": [],
                "prefix_list_ids": [],
                "protocol": "tcp",
                "security_groups": [],
                "self": false,
                "to_port": 80
              }
            ],
            "name": "umgcoatepeque-sg-alb",
            "name_prefix": "",
            "owner_id": "171114713287",
            "revoke_rules_on_delete": false,
            "tags": {
              "Name": "umgcoatepeque-sg-alb"
            },
            "tags_all": {
              "Name": "umgcoatepeque-sg-alb"
            },
            "timeouts": null,
            "vpc_id": "vpc-0dc2e35cb75b41c99"
          },
          "sensitive_attributes": [],
          "private": "eyJlMmJmYjczMC1lY2FhLTExZTYtOGY4OC0zNDM2M2JjN2M0YzAiOnsiY3JlYXRlIjo2MDAwMDAwMDAwMDAsImRlbGV0ZSI6OTAwMDAwMDAwMDAwfSwic2NoZW1hX3ZlcnNpb24iOiIxIn0=",
          "dependencies": [
            "module.umg_vpc.aws_vpc.main"
          ],
          "create_before_destroy": true
        }
      ]
    },
    {
      "module": "module.umg_alb_asg",
      "mode": "managed",
      "type": "aws_security_group",
      "name": "sg-instances",
      "provider": "provider[\"registry.terraform.io/hashicorp/aws\"]",
      "instances": [
        {
          "schema_version": 1,
          "attributes": {
            "arn": "arn:aws:ec2:us-east-2:171114713287:security-group/sg-08c29e2aa64c6eaaf",
            "description": "security group para las instancias de autoescalado",
            "egress": [
              {
                "cidr_blocks": [
                  "0.0.0.0/0"
                ],
                "description": "",
                "from_port": 0,
                "ipv6_cidr_blocks": [],
                "prefix_list_ids": [],
                "protocol": "-1",
                "security_groups": [],
                "self": false,
                "to_port": 0
              }
            ],
            "id": "sg-08c29e2aa64c6eaaf",
            "ingress": [
              {
                "cidr_blocks": [
                  "0.0.0.0/0"
                ],
                "description": "",
                "from_port": 22,
                "ipv6_cidr_blocks": [],
                "prefix_list_ids": [],
                "protocol": "tcp",
                "security_groups": [],
                "self": false,
                "to_port": 22
              },
              {
                "cidr_blocks": [],
                "description": "",
                "from_port": 80,
                "ipv6_cidr_blocks": [],
                "prefix_list_ids": [],
                "protocol": "tcp",
                "security_groups": [
                  "sg-0dc0a0334c1e5f292"
                ],
                "self": false,
                "to_port": 80
              }
            ],
            "name": "umgcoatepeque-sg-webserver",
            "name_prefix": "",
            "owner_id": "171114713287",
            "revoke_rules_on_delete": false,
            "tags": {
              "Name": "umgcoatepeque-sg-webserver"
            },
            "tags_all": {
              "Name": "umgcoatepeque-sg-webserver"
            },
            "timeouts": null,
            "vpc_id": "vpc-0dc2e35cb75b41c99"
          },
          "sensitive_attributes": [],
          "private": "eyJlMmJmYjczMC1lY2FhLTExZTYtOGY4OC0zNDM2M2JjN2M0YzAiOnsiY3JlYXRlIjo2MDAwMDAwMDAwMDAsImRlbGV0ZSI6OTAwMDAwMDAwMDAwfSwic2NoZW1hX3ZlcnNpb24iOiIxIn0=",
          "dependencies": [
            "module.umg_alb_asg.aws_security_group.sg-alb",
            "module.umg_vpc.aws_vpc.main"
          ],
          "create_before_destroy": true
        }
      ]
    },
    {
      "module": "module.umg_cloudwatch_cpu_alarm",
      "mode": "managed",
      "type": "aws_autoscaling_policy",
      "name": "my-cpu-policy-scaledown",
      "provider": "provider[\"registry.terraform.io/hashicorp/aws\"]",
      "instances": [
        {
          "schema_version": 0,
          "attributes": {
            "adjustment_type": "ChangeInCapacity",
            "arn": "arn:aws:autoscaling:us-east-2:171114713287:scalingPolicy:640267fa-3dea-4b9e-acad-1870f8ca0840:autoScalingGroupName/umgcoatepeque-autoscaling:policyName/umgcoatepeque-cpu-policy-scaledown",
            "autoscaling_group_name": "umgcoatepeque-autoscaling",
            "cooldown": 60,
            "estimated_instance_warmup": 0,
            "id": "umgcoatepeque-cpu-policy-scaledown",
            "metric_aggregation_type": "",
            "min_adjustment_magnitude": null,
            "name": "umgcoatepeque-cpu-policy-scaledown",
            "policy_type": "SimpleScaling",
            "predictive_scaling_configuration": [],
            "scaling_adjustment": -1,
            "step_adjustment": [],
            "target_tracking_configuration": []
          },
          "sensitive_attributes": [],
          "private": "bnVsbA==",
          "dependencies": [
            "data.aws_ami.ubuntu-ami",
            "module.umg_alb_asg.aws_autoscaling_group.my-autoscaling",
            "module.umg_alb_asg.aws_key_pair.mykeypair",
            "module.umg_alb_asg.aws_launch_configuration.my-launchconfig",
            "module.umg_alb_asg.aws_lb_target_group.my-alb-target-group",
            "module.umg_alb_asg.aws_security_group.sg-alb",
            "module.umg_alb_asg.aws_security_group.sg-instances",
            "module.umg_ec2_a_s3.aws_iam_instance_profile.s3-mybucket-role-instanceprofile",
            "module.umg_ec2_a_s3.aws_iam_role.s3-mybucket-role",
            "module.umg_rds.aws_db_instance.mysql",
            "module.umg_rds.aws_db_subnet_group.mysql-subnet",
            "module.umg_rds.aws_security_group.mysql-sg",
            "module.umg_vpc.aws_subnet.main-private",
            "module.umg_vpc.aws_vpc.main"
          ]
        }
      ]
    },
    {
      "module": "module.umg_cloudwatch_cpu_alarm",
      "mode": "managed",
      "type": "aws_autoscaling_policy",
      "name": "my-cpu-policy-scaleup",
      "provider": "provider[\"registry.terraform.io/hashicorp/aws\"]",
      "instances": [
        {
          "schema_version": 0,
          "attributes": {
            "adjustment_type": "ChangeInCapacity",
            "arn": "arn:aws:autoscaling:us-east-2:171114713287:scalingPolicy:964def53-eb44-4335-992a-499141556ae6:autoScalingGroupName/umgcoatepeque-autoscaling:policyName/my-cpu-policy-scaleup",
            "autoscaling_group_name": "umgcoatepeque-autoscaling",
            "cooldown": 60,
            "estimated_instance_warmup": 0,
            "id": "my-cpu-policy-scaleup",
            "metric_aggregation_type": "",
            "min_adjustment_magnitude": null,
            "name": "my-cpu-policy-scaleup",
            "policy_type": "SimpleScaling",
            "predictive_scaling_configuration": [],
            "scaling_adjustment": 1,
            "step_adjustment": [],
            "target_tracking_configuration": []
          },
          "sensitive_attributes": [],
          "private": "bnVsbA==",
          "dependencies": [
            "data.aws_ami.ubuntu-ami",
            "module.umg_alb_asg.aws_autoscaling_group.my-autoscaling",
            "module.umg_alb_asg.aws_key_pair.mykeypair",
            "module.umg_alb_asg.aws_launch_configuration.my-launchconfig",
            "module.umg_alb_asg.aws_lb_target_group.my-alb-target-group",
            "module.umg_alb_asg.aws_security_group.sg-alb",
            "module.umg_alb_asg.aws_security_group.sg-instances",
            "module.umg_ec2_a_s3.aws_iam_instance_profile.s3-mybucket-role-instanceprofile",
            "module.umg_ec2_a_s3.aws_iam_role.s3-mybucket-role",
            "module.umg_rds.aws_db_instance.mysql",
            "module.umg_rds.aws_db_subnet_group.mysql-subnet",
            "module.umg_rds.aws_security_group.mysql-sg",
            "module.umg_vpc.aws_subnet.main-private",
            "module.umg_vpc.aws_vpc.main"
          ]
        }
      ]
    },
    {
      "module": "module.umg_cloudwatch_cpu_alarm",
      "mode": "managed",
      "type": "aws_cloudwatch_metric_alarm",
      "name": "my-cpu-alarm",
      "provider": "provider[\"registry.terraform.io/hashicorp/aws\"]",
      "instances": [
        {
          "schema_version": 1,
          "attributes": {
            "actions_enabled": true,
            "alarm_actions": [
              "arn:aws:autoscaling:us-east-2:171114713287:scalingPolicy:964def53-eb44-4335-992a-499141556ae6:autoScalingGroupName/umgcoatepeque-autoscaling:policyName/my-cpu-policy-scaleup"
            ],
            "alarm_description": "umgcoatepeque-alarmacpu-escaladoarriba",
            "alarm_name": "umgcoatepeque-alarmacpu-escaladoarriba",
            "arn": "arn:aws:cloudwatch:us-east-2:171114713287:alarm:umgcoatepeque-alarmacpu-escaladoarriba",
            "comparison_operator": "GreaterThanOrEqualToThreshold",
            "datapoints_to_alarm": 0,
            "dimensions": {
              "AutoScalingGroupName": "umgcoatepeque-autoscaling"
            },
            "evaluate_low_sample_count_percentiles": "",
            "evaluation_periods": 1,
            "extended_statistic": "",
            "id": "umgcoatepeque-alarmacpu-escaladoarriba",
            "insufficient_data_actions": null,
            "metric_name": "CPUUtilization",
            "metric_query": [],
            "namespace": "AWS/EC2",
            "ok_actions": null,
            "period": 60,
            "statistic": "Average",
            "tags": null,
            "tags_all": {},
            "threshold": 20,
            "threshold_metric_id": "",
            "treat_missing_data": "missing",
            "unit": ""
          },
          "sensitive_attributes": [],
          "private": "eyJzY2hlbWFfdmVyc2lvbiI6IjEifQ==",
          "dependencies": [
            "data.aws_ami.ubuntu-ami",
            "module.umg_alb_asg.aws_autoscaling_group.my-autoscaling",
            "module.umg_alb_asg.aws_key_pair.mykeypair",
            "module.umg_alb_asg.aws_launch_configuration.my-launchconfig",
            "module.umg_alb_asg.aws_lb_target_group.my-alb-target-group",
            "module.umg_alb_asg.aws_security_group.sg-alb",
            "module.umg_alb_asg.aws_security_group.sg-instances",
            "module.umg_cloudwatch_cpu_alarm.aws_autoscaling_policy.my-cpu-policy-scaleup",
            "module.umg_ec2_a_s3.aws_iam_instance_profile.s3-mybucket-role-instanceprofile",
            "module.umg_ec2_a_s3.aws_iam_role.s3-mybucket-role",
            "module.umg_rds.aws_db_instance.mysql",
            "module.umg_rds.aws_db_subnet_group.mysql-subnet",
            "module.umg_rds.aws_security_group.mysql-sg",
            "module.umg_vpc.aws_subnet.main-private",
            "module.umg_vpc.aws_vpc.main"
          ]
        }
      ]
    },
    {
      "module": "module.umg_cloudwatch_cpu_alarm",
      "mode": "managed",
      "type": "aws_cloudwatch_metric_alarm",
      "name": "my-cpu-alarm-scaledown",
      "provider": "provider[\"registry.terraform.io/hashicorp/aws\"]",
      "instances": [
        {
          "schema_version": 1,
          "attributes": {
            "actions_enabled": true,
            "alarm_actions": [
              "arn:aws:autoscaling:us-east-2:171114713287:scalingPolicy:640267fa-3dea-4b9e-acad-1870f8ca0840:autoScalingGroupName/umgcoatepeque-autoscaling:policyName/umgcoatepeque-cpu-policy-scaledown"
            ],
            "alarm_description": "umgcoatepeque-alarmacpu-escaladoaabajo",
            "alarm_name": "umgcoatepeque-alarmacpu-escaladoaabajo",
            "arn": "arn:aws:cloudwatch:us-east-2:171114713287:alarm:umgcoatepeque-alarmacpu-escaladoaabajo",
            "comparison_operator": "LessThanOrEqualToThreshold",
            "datapoints_to_alarm": 0,
            "dimensions": {
              "AutoScalingGroupName": "umgcoatepeque-autoscaling"
            },
            "evaluate_low_sample_count_percentiles": "",
            "evaluation_periods": 1,
            "extended_statistic": "",
            "id": "umgcoatepeque-alarmacpu-escaladoaabajo",
            "insufficient_data_actions": null,
            "metric_name": "CPUUtilization",
            "metric_query": [],
            "namespace": "AWS/EC2",
            "ok_actions": null,
            "period": 60,
            "statistic": "Average",
            "tags": null,
            "tags_all": {},
            "threshold": 10,
            "threshold_metric_id": "",
            "treat_missing_data": "missing",
            "unit": ""
          },
          "sensitive_attributes": [],
          "private": "eyJzY2hlbWFfdmVyc2lvbiI6IjEifQ==",
          "dependencies": [
            "data.aws_ami.ubuntu-ami",
            "module.umg_alb_asg.aws_autoscaling_group.my-autoscaling",
            "module.umg_alb_asg.aws_key_pair.mykeypair",
            "module.umg_alb_asg.aws_launch_configuration.my-launchconfig",
            "module.umg_alb_asg.aws_lb_target_group.my-alb-target-group",
            "module.umg_alb_asg.aws_security_group.sg-alb",
            "module.umg_alb_asg.aws_security_group.sg-instances",
            "module.umg_cloudwatch_cpu_alarm.aws_autoscaling_policy.my-cpu-policy-scaledown",
            "module.umg_ec2_a_s3.aws_iam_instance_profile.s3-mybucket-role-instanceprofile",
            "module.umg_ec2_a_s3.aws_iam_role.s3-mybucket-role",
            "module.umg_rds.aws_db_instance.mysql",
            "module.umg_rds.aws_db_subnet_group.mysql-subnet",
            "module.umg_rds.aws_security_group.mysql-sg",
            "module.umg_vpc.aws_subnet.main-private",
            "module.umg_vpc.aws_vpc.main"
          ]
        }
      ]
    },
    {
      "module": "module.umg_ec2_a_s3",
      "mode": "managed",
      "type": "aws_iam_instance_profile",
      "name": "s3-mybucket-role-instanceprofile",
      "provider": "provider[\"registry.terraform.io/hashicorp/aws\"]",
      "instances": [
        {
          "schema_version": 0,
          "attributes": {
            "arn": "arn:aws:iam::171114713287:instance-profile/umgcoatepeque-s3-umgcoatepeque-s3-bucket-sistema-php-role-profile",
            "create_date": "2021-11-16T16:48:56Z",
            "id": "umgcoatepeque-s3-umgcoatepeque-s3-bucket-sistema-php-role-profile",
            "name": "umgcoatepeque-s3-umgcoatepeque-s3-bucket-sistema-php-role-profile",
            "name_prefix": null,
            "path": "/",
            "role": "umgcoatepeque-s3-bucket-role",
            "tags": null,
            "tags_all": {},
            "unique_id": "AIPASPVZ3KDDVADIXQWSN"
          },
          "sensitive_attributes": [],
          "private": "bnVsbA==",
          "dependencies": [
            "module.umg_ec2_a_s3.aws_iam_role.s3-mybucket-role"
          ],
          "create_before_destroy": true
        }
      ]
    },
    {
      "module": "module.umg_ec2_a_s3",
      "mode": "managed",
      "type": "aws_iam_role",
      "name": "s3-mybucket-role",
      "provider": "provider[\"registry.terraform.io/hashicorp/aws\"]",
      "instances": [
        {
          "schema_version": 0,
          "attributes": {
            "arn": "arn:aws:iam::171114713287:role/umgcoatepeque-s3-bucket-role",
            "assume_role_policy": "{\"Version\":\"2012-10-17\",\"Statement\":[{\"Sid\":\"\",\"Effect\":\"Allow\",\"Principal\":{\"Service\":\"ec2.amazonaws.com\"},\"Action\":\"sts:AssumeRole\"}]}",
            "create_date": "2021-11-16T16:48:54Z",
            "description": "",
            "force_detach_policies": false,
            "id": "umgcoatepeque-s3-bucket-role",
            "inline_policy": [
              {
                "name": "",
                "policy": ""
              }
            ],
            "managed_policy_arns": [],
            "max_session_duration": 3600,
            "name": "umgcoatepeque-s3-bucket-role",
            "name_prefix": "",
            "path": "/",
            "permissions_boundary": null,
            "tags": null,
            "tags_all": {},
            "unique_id": "AROASPVZ3KDDT3OAN4HQN"
          },
          "sensitive_attributes": [],
          "private": "bnVsbA==",
          "create_before_destroy": true
        }
      ]
    },
    {
      "module": "module.umg_ec2_a_s3",
      "mode": "managed",
      "type": "aws_iam_role_policy",
      "name": "s3-mybucket-role-policy",
      "provider": "provider[\"registry.terraform.io/hashicorp/aws\"]",
      "instances": [
        {
          "schema_version": 0,
          "attributes": {
            "id": "umgcoatepeque-s3-bucket-role:umgcoatepeque-s3-bucket-umgcoatepeque-s3-bucket-sistema-php-role--policy",
            "name": "umgcoatepeque-s3-bucket-umgcoatepeque-s3-bucket-sistema-php-role--policy",
            "name_prefix": null,
            "policy": "{\r\n    \"Version\": \"2012-10-17\",\r\n    \"Statement\": [\r\n        {\r\n            \"Effect\": \"Allow\",\r\n            \"Action\": [\r\n              \"s3:*\"\r\n            ],\r\n            \"Resource\": [\r\n              \"arn:aws:s3:::umgcoatepeque-s3-bucket-sistema-php\",\r\n              \"arn:aws:s3:::umgcoatepeque-s3-bucket-sistema-php/*\"\r\n            ]\r\n        }\r\n    ]\r\n}\r\n",
            "role": "umgcoatepeque-s3-bucket-role"
          },
          "sensitive_attributes": [],
          "private": "bnVsbA==",
          "dependencies": [
            "module.umg_ec2_a_s3.aws_iam_role.s3-mybucket-role"
          ]
        }
      ]
    },
    {
      "module": "module.umg_rds",
      "mode": "managed",
      "type": "aws_db_instance",
      "name": "mysql",
      "provider": "provider[\"registry.terraform.io/hashicorp/aws\"]",
      "instances": [
        {
          "schema_version": 1,
          "attributes": {
            "address": "mysql.cxusj0jkome3.us-east-2.rds.amazonaws.com",
            "allocated_storage": 5,
            "allow_major_version_upgrade": null,
            "apply_immediately": true,
            "arn": "arn:aws:rds:us-east-2:171114713287:db:mysql",
            "auto_minor_version_upgrade": true,
            "availability_zone": "us-east-2a",
            "backup_retention_period": 5,
            "backup_window": "06:57-07:27",
            "ca_cert_identifier": "rds-ca-2019",
            "character_set_name": "",
            "copy_tags_to_snapshot": false,
            "customer_owned_ip_enabled": false,
            "db_subnet_group_name": "mysqldb-subnet",
            "delete_automated_backups": true,
            "deletion_protection": false,
            "domain": "",
            "domain_iam_role_name": "",
            "enabled_cloudwatch_logs_exports": null,
            "endpoint": "mysql.cxusj0jkome3.us-east-2.rds.amazonaws.com:3306",
            "engine": "mysql",
            "engine_version": "8.0.23",
            "engine_version_actual": "8.0.23",
            "final_snapshot_identifier": null,
            "hosted_zone_id": "Z2XHWR1WZ565X2",
            "iam_database_authentication_enabled": false,
            "id": "mysql",
            "identifier": "mysql",
            "identifier_prefix": null,
            "instance_class": "db.t2.micro",
            "iops": 0,
            "kms_key_id": "",
            "latest_restorable_time": "2021-11-16T17:02:13Z",
            "license_model": "general-public-license",
            "maintenance_window": "fri:08:29-fri:08:59",
            "max_allocated_storage": 0,
            "monitoring_interval": 0,
            "monitoring_role_arn": "",
            "multi_az": true,
            "name": "blog",
            "nchar_character_set_name": "",
            "option_group_name": "default:mysql-8-0",
            "parameter_group_name": "default.mysql8.0",
            "password": "umgcoatepeque123",
            "performance_insights_enabled": false,
            "performance_insights_kms_key_id": "",
            "performance_insights_retention_period": 0,
            "port": 3306,
            "publicly_accessible": false,
            "replica_mode": "",
            "replicas": [],
            "replicate_source_db": "",
            "resource_id": "db-JNTLQFCNZ4Y2E2DDWEF5WJBR2E",
            "restore_to_point_in_time": [],
            "s3_import": [],
            "security_group_names": null,
            "skip_final_snapshot": true,
            "snapshot_identifier": null,
            "status": "available",
            "storage_encrypted": false,
            "storage_type": "gp2",
            "tags": {
              "Name": "umgcoatepeque-mysql"
            },
            "tags_all": {
              "Name": "umgcoatepeque-mysql"
            },
            "timeouts": null,
            "timezone": "",
            "username": "root",
            "vpc_security_group_ids": [
              "sg-0359b3f0e1f3b8d42"
            ]
          },
          "sensitive_attributes": [],
          "private": "eyJlMmJmYjczMC1lY2FhLTExZTYtOGY4OC0zNDM2M2JjN2M0YzAiOnsiY3JlYXRlIjoyNDAwMDAwMDAwMDAwLCJkZWxldGUiOjM2MDAwMDAwMDAwMDAsInVwZGF0ZSI6NDgwMDAwMDAwMDAwMH0sInNjaGVtYV92ZXJzaW9uIjoiMSJ9",
          "dependencies": [
            "module.umg_alb_asg.aws_security_group.sg-alb",
            "module.umg_alb_asg.aws_security_group.sg-instances",
            "module.umg_rds.aws_db_subnet_group.mysql-subnet",
            "module.umg_rds.aws_security_group.mysql-sg",
            "module.umg_vpc.aws_subnet.main-private",
            "module.umg_vpc.aws_vpc.main"
          ],
          "create_before_destroy": true
        }
      ]
    },
    {
      "module": "module.umg_rds",
      "mode": "managed",
      "type": "aws_db_subnet_group",
      "name": "mysql-subnet",
      "provider": "provider[\"registry.terraform.io/hashicorp/aws\"]",
      "instances": [
        {
          "schema_version": 0,
          "attributes": {
            "arn": "arn:aws:rds:us-east-2:171114713287:subgrp:mysqldb-subnet",
            "description": "RDS grupo subnet",
            "id": "mysqldb-subnet",
            "name": "mysqldb-subnet",
            "name_prefix": null,
            "subnet_ids": [
              "subnet-0183dcacb4a865f76",
              "subnet-0af3668b8c907a412"
            ],
            "tags": null,
            "tags_all": {}
          },
          "sensitive_attributes": [],
          "private": "bnVsbA==",
          "dependencies": [
            "module.umg_vpc.aws_subnet.main-private",
            "module.umg_vpc.aws_vpc.main"
          ],
          "create_before_destroy": true
        }
      ]
    },
    {
      "module": "module.umg_rds",
      "mode": "managed",
      "type": "aws_security_group",
      "name": "mysql-sg",
      "provider": "provider[\"registry.terraform.io/hashicorp/aws\"]",
      "instances": [
        {
          "schema_version": 1,
          "attributes": {
            "arn": "arn:aws:ec2:us-east-2:171114713287:security-group/sg-0359b3f0e1f3b8d42",
            "description": "security group para la base de datos",
            "egress": [
              {
                "cidr_blocks": [
                  "0.0.0.0/0"
                ],
                "description": "",
                "from_port": 0,
                "ipv6_cidr_blocks": [],
                "prefix_list_ids": [],
                "protocol": "-1",
                "security_groups": [],
                "self": true,
                "to_port": 0
              }
            ],
            "id": "sg-0359b3f0e1f3b8d42",
            "ingress": [
              {
                "cidr_blocks": [],
                "description": "",
                "from_port": 3306,
                "ipv6_cidr_blocks": [],
                "prefix_list_ids": [],
                "protocol": "tcp",
                "security_groups": [
                  "sg-08c29e2aa64c6eaaf"
                ],
                "self": false,
                "to_port": 3306
              }
            ],
            "name": "umgcoatepeque-sg-database",
            "name_prefix": "",
            "owner_id": "171114713287",
            "revoke_rules_on_delete": false,
            "tags": {
              "Name": "umgcoatepeque-sg-database"
            },
            "tags_all": {
              "Name": "umgcoatepeque-sg-database"
            },
            "timeouts": null,
            "vpc_id": "vpc-0dc2e35cb75b41c99"
          },
          "sensitive_attributes": [],
          "private": "eyJlMmJmYjczMC1lY2FhLTExZTYtOGY4OC0zNDM2M2JjN2M0YzAiOnsiY3JlYXRlIjo2MDAwMDAwMDAwMDAsImRlbGV0ZSI6OTAwMDAwMDAwMDAwfSwic2NoZW1hX3ZlcnNpb24iOiIxIn0=",
          "dependencies": [
            "module.umg_alb_asg.aws_security_group.sg-alb",
            "module.umg_alb_asg.aws_security_group.sg-instances",
            "module.umg_vpc.aws_vpc.main"
          ],
          "create_before_destroy": true
        }
      ]
    },
    {
      "module": "module.umg_s3",
      "mode": "managed",
      "type": "aws_s3_bucket",
      "name": "my_bucket",
      "provider": "provider[\"registry.terraform.io/hashicorp/aws\"]",
      "instances": [
        {
          "schema_version": 0,
          "attributes": {
            "acceleration_status": "",
            "acl": "private",
            "arn": "arn:aws:s3:::umgcoatepeque-s3-bucket-sistema-php",
            "bucket": "umgcoatepeque-s3-bucket-sistema-php",
            "bucket_domain_name": "umgcoatepeque-s3-bucket-sistema-php.s3.amazonaws.com",
            "bucket_prefix": null,
            "bucket_regional_domain_name": "umgcoatepeque-s3-bucket-sistema-php.s3.us-east-2.amazonaws.com",
            "cors_rule": [],
            "force_destroy": true,
            "grant": [],
            "hosted_zone_id": "Z2O1EMRO9K5GLX",
            "id": "umgcoatepeque-s3-bucket-sistema-php",
            "lifecycle_rule": [],
            "logging": [],
            "object_lock_configuration": [],
            "policy": null,
            "region": "us-east-2",
            "replication_configuration": [],
            "request_payer": "BucketOwner",
            "server_side_encryption_configuration": [],
            "tags": {
              "Name": "umgcoatepeque-s3-bucket-sistema-php"
            },
            "tags_all": {
              "Name": "umgcoatepeque-s3-bucket-sistema-php"
            },
            "versioning": [
              {
                "enabled": false,
                "mfa_delete": false
              }
            ],
            "website": [],
            "website_domain": null,
            "website_endpoint": null
          },
          "sensitive_attributes": [],
          "private": "bnVsbA=="
        }
      ]
    },
    {
      "module": "module.umg_s3",
      "mode": "managed",
      "type": "null_resource",
      "name": "add_src_to_s3",
      "provider": "provider[\"registry.terraform.io/hashicorp/null\"]",
      "instances": [
        {
          "schema_version": 0,
          "attributes": {
            "id": "6168668929662592281",
            "triggers": {
              "build_number": "2021-11-16T16:49:02Z"
            }
          },
          "sensitive_attributes": [],
          "private": "bnVsbA==",
          "dependencies": [
            "module.umg_s3.aws_s3_bucket.my_bucket"
          ]
        }
      ]
    },
    {
      "module": "module.umg_vpc",
      "mode": "managed",
      "type": "aws_eip",
      "name": "nat",
      "provider": "provider[\"registry.terraform.io/hashicorp/aws\"]",
      "instances": [
        {
          "schema_version": 0,
          "attributes": {
            "address": null,
            "allocation_id": null,
            "associate_with_private_ip": null,
            "association_id": "",
            "carrier_ip": "",
            "customer_owned_ip": "",
            "customer_owned_ipv4_pool": "",
            "domain": "vpc",
            "id": "eipalloc-0d1bd38c1f566369e",
            "instance": "",
            "network_border_group": "us-east-2",
            "network_interface": "",
            "private_dns": null,
            "private_ip": "",
            "public_dns": "ec2-3-22-129-77.us-east-2.compute.amazonaws.com",
            "public_ip": "3.22.129.77",
            "public_ipv4_pool": "amazon",
            "tags": {
              "Name": "umgcoatepeque-eip"
            },
            "tags_all": {
              "Name": "umgcoatepeque-eip"
            },
            "timeouts": null,
            "vpc": true
          },
          "sensitive_attributes": [],
          "private": "eyJlMmJmYjczMC1lY2FhLTExZTYtOGY4OC0zNDM2M2JjN2M0YzAiOnsiZGVsZXRlIjoxODAwMDAwMDAwMDAsInJlYWQiOjkwMDAwMDAwMDAwMCwidXBkYXRlIjozMDAwMDAwMDAwMDB9fQ=="
        }
      ]
    },
    {
      "module": "module.umg_vpc",
      "mode": "managed",
      "type": "aws_internet_gateway",
      "name": "main-gw",
      "provider": "provider[\"registry.terraform.io/hashicorp/aws\"]",
      "instances": [
        {
          "schema_version": 0,
          "attributes": {
            "arn": "arn:aws:ec2:us-east-2:171114713287:internet-gateway/igw-00bfb7c09c5c2601f",
            "id": "igw-00bfb7c09c5c2601f",
            "owner_id": "171114713287",
            "tags": {
              "Name": "umgcoatepeque-gw"
            },
            "tags_all": {
              "Name": "umgcoatepeque-gw"
            },
            "vpc_id": "vpc-0dc2e35cb75b41c99"
          },
          "sensitive_attributes": [],
          "private": "bnVsbA==",
          "dependencies": [
            "module.umg_vpc.aws_vpc.main"
          ]
        }
      ]
    },
    {
      "module": "module.umg_vpc",
      "mode": "managed",
      "type": "aws_nat_gateway",
      "name": "nat-gw",
      "provider": "provider[\"registry.terraform.io/hashicorp/aws\"]",
      "instances": [
        {
          "schema_version": 0,
          "attributes": {
            "allocation_id": "eipalloc-0d1bd38c1f566369e",
            "connectivity_type": "public",
            "id": "nat-037937cca890edbf1",
            "network_interface_id": "eni-09fdd5b309b90867d",
            "private_ip": "10.0.1.78",
            "public_ip": "3.22.129.77",
            "subnet_id": "subnet-0bc0479b3723dcbf4",
            "tags": null,
            "tags_all": {}
          },
          "sensitive_attributes": [],
          "private": "bnVsbA==",
          "dependencies": [
            "module.umg_vpc.aws_eip.nat",
            "module.umg_vpc.aws_internet_gateway.main-gw",
            "module.umg_vpc.aws_subnet.main-public",
            "module.umg_vpc.aws_vpc.main"
          ]
        }
      ]
    },
    {
      "module": "module.umg_vpc",
      "mode": "managed",
      "type": "aws_route_table",
      "name": "main-private",
      "provider": "provider[\"registry.terraform.io/hashicorp/aws\"]",
      "instances": [
        {
          "schema_version": 0,
          "attributes": {
            "arn": "arn:aws:ec2:us-east-2:171114713287:route-table/rtb-0fb803e630bcef8c0",
            "id": "rtb-0fb803e630bcef8c0",
            "owner_id": "171114713287",
            "propagating_vgws": [],
            "route": [
              {
                "carrier_gateway_id": "",
                "cidr_block": "0.0.0.0/0",
                "destination_prefix_list_id": "",
                "egress_only_gateway_id": "",
                "gateway_id": "",
                "instance_id": "",
                "ipv6_cidr_block": "",
                "local_gateway_id": "",
                "nat_gateway_id": "nat-037937cca890edbf1",
                "network_interface_id": "",
                "transit_gateway_id": "",
                "vpc_endpoint_id": "",
                "vpc_peering_connection_id": ""
              }
            ],
            "tags": {
              "Name": "umgcoatepeque-rt-privada"
            },
            "tags_all": {
              "Name": "umgcoatepeque-rt-privada"
            },
            "timeouts": null,
            "vpc_id": "vpc-0dc2e35cb75b41c99"
          },
          "sensitive_attributes": [],
          "private": "eyJlMmJmYjczMC1lY2FhLTExZTYtOGY4OC0zNDM2M2JjN2M0YzAiOnsiY3JlYXRlIjoxMjAwMDAwMDAwMDAsImRlbGV0ZSI6MzAwMDAwMDAwMDAwLCJ1cGRhdGUiOjEyMDAwMDAwMDAwMH19",
          "dependencies": [
            "module.umg_vpc.aws_eip.nat",
            "module.umg_vpc.aws_internet_gateway.main-gw",
            "module.umg_vpc.aws_nat_gateway.nat-gw",
            "module.umg_vpc.aws_subnet.main-public",
            "module.umg_vpc.aws_vpc.main"
          ]
        }
      ]
    },
    {
      "module": "module.umg_vpc",
      "mode": "managed",
      "type": "aws_route_table",
      "name": "main-public",
      "provider": "provider[\"registry.terraform.io/hashicorp/aws\"]",
      "instances": [
        {
          "schema_version": 0,
          "attributes": {
            "arn": "arn:aws:ec2:us-east-2:171114713287:route-table/rtb-0047907955522214e",
            "id": "rtb-0047907955522214e",
            "owner_id": "171114713287",
            "propagating_vgws": [],
            "route": [
              {
                "carrier_gateway_id": "",
                "cidr_block": "0.0.0.0/0",
                "destination_prefix_list_id": "",
                "egress_only_gateway_id": "",
                "gateway_id": "igw-00bfb7c09c5c2601f",
                "instance_id": "",
                "ipv6_cidr_block": "",
                "local_gateway_id": "",
                "nat_gateway_id": "",
                "network_interface_id": "",
                "transit_gateway_id": "",
                "vpc_endpoint_id": "",
                "vpc_peering_connection_id": ""
              }
            ],
            "tags": {
              "Name": "umgcoatepeque-rt-publica"
            },
            "tags_all": {
              "Name": "umgcoatepeque-rt-publica"
            },
            "timeouts": null,
            "vpc_id": "vpc-0dc2e35cb75b41c99"
          },
          "sensitive_attributes": [],
          "private": "eyJlMmJmYjczMC1lY2FhLTExZTYtOGY4OC0zNDM2M2JjN2M0YzAiOnsiY3JlYXRlIjoxMjAwMDAwMDAwMDAsImRlbGV0ZSI6MzAwMDAwMDAwMDAwLCJ1cGRhdGUiOjEyMDAwMDAwMDAwMH19",
          "dependencies": [
            "module.umg_vpc.aws_internet_gateway.main-gw",
            "module.umg_vpc.aws_vpc.main"
          ]
        }
      ]
    },
    {
      "module": "module.umg_vpc",
      "mode": "managed",
      "type": "aws_route_table_association",
      "name": "main-private",
      "provider": "provider[\"registry.terraform.io/hashicorp/aws\"]",
      "instances": [
        {
          "index_key": 0,
          "schema_version": 0,
          "attributes": {
            "gateway_id": "",
            "id": "rtbassoc-034a149e005bc317b",
            "route_table_id": "rtb-0fb803e630bcef8c0",
            "subnet_id": "subnet-0183dcacb4a865f76"
          },
          "sensitive_attributes": [],
          "private": "bnVsbA==",
          "dependencies": [
            "module.umg_vpc.aws_eip.nat",
            "module.umg_vpc.aws_internet_gateway.main-gw",
            "module.umg_vpc.aws_nat_gateway.nat-gw",
            "module.umg_vpc.aws_route_table.main-private",
            "module.umg_vpc.aws_subnet.main-private",
            "module.umg_vpc.aws_subnet.main-public",
            "module.umg_vpc.aws_vpc.main"
          ]
        },
        {
          "index_key": 1,
          "schema_version": 0,
          "attributes": {
            "gateway_id": "",
            "id": "rtbassoc-07d9184d3b577ab1d",
            "route_table_id": "rtb-0fb803e630bcef8c0",
            "subnet_id": "subnet-0af3668b8c907a412"
          },
          "sensitive_attributes": [],
          "private": "bnVsbA==",
          "dependencies": [
            "module.umg_vpc.aws_eip.nat",
            "module.umg_vpc.aws_internet_gateway.main-gw",
            "module.umg_vpc.aws_nat_gateway.nat-gw",
            "module.umg_vpc.aws_route_table.main-private",
            "module.umg_vpc.aws_subnet.main-private",
            "module.umg_vpc.aws_subnet.main-public",
            "module.umg_vpc.aws_vpc.main"
          ]
        }
      ]
    },
    {
      "module": "module.umg_vpc",
      "mode": "managed",
      "type": "aws_route_table_association",
      "name": "main-public",
      "provider": "provider[\"registry.terraform.io/hashicorp/aws\"]",
      "instances": [
        {
          "index_key": 0,
          "schema_version": 0,
          "attributes": {
            "gateway_id": "",
            "id": "rtbassoc-068bfd1ae8afffe55",
            "route_table_id": "rtb-0047907955522214e",
            "subnet_id": "subnet-0bc0479b3723dcbf4"
          },
          "sensitive_attributes": [],
          "private": "bnVsbA==",
          "dependencies": [
            "module.umg_vpc.aws_internet_gateway.main-gw",
            "module.umg_vpc.aws_route_table.main-public",
            "module.umg_vpc.aws_subnet.main-public",
            "module.umg_vpc.aws_vpc.main"
          ]
        },
        {
          "index_key": 1,
          "schema_version": 0,
          "attributes": {
            "gateway_id": "",
            "id": "rtbassoc-04c998da62ddbee7b",
            "route_table_id": "rtb-0047907955522214e",
            "subnet_id": "subnet-08e4b206ec9bb0023"
          },
          "sensitive_attributes": [],
          "private": "bnVsbA==",
          "dependencies": [
            "module.umg_vpc.aws_internet_gateway.main-gw",
            "module.umg_vpc.aws_route_table.main-public",
            "module.umg_vpc.aws_subnet.main-public",
            "module.umg_vpc.aws_vpc.main"
          ]
        }
      ]
    },
    {
      "module": "module.umg_vpc",
      "mode": "managed",
      "type": "aws_subnet",
      "name": "main-private",
      "provider": "provider[\"registry.terraform.io/hashicorp/aws\"]",
      "instances": [
        {
          "index_key": 0,
          "schema_version": 1,
          "attributes": {
            "arn": "arn:aws:ec2:us-east-2:171114713287:subnet/subnet-0183dcacb4a865f76",
            "assign_ipv6_address_on_creation": false,
            "availability_zone": "us-east-2a",
            "availability_zone_id": "use2-az1",
            "cidr_block": "10.0.3.0/24",
            "customer_owned_ipv4_pool": "",
            "id": "subnet-0183dcacb4a865f76",
            "ipv6_cidr_block": "",
            "ipv6_cidr_block_association_id": "",
            "map_customer_owned_ip_on_launch": false,
            "map_public_ip_on_launch": false,
            "outpost_arn": "",
            "owner_id": "171114713287",
            "tags": {
              "Name": "umgcoatepeque-subredprivada-0"
            },
            "tags_all": {
              "Name": "umgcoatepeque-subredprivada-0"
            },
            "timeouts": null,
            "vpc_id": "vpc-0dc2e35cb75b41c99"
          },
          "sensitive_attributes": [],
          "private": "eyJlMmJmYjczMC1lY2FhLTExZTYtOGY4OC0zNDM2M2JjN2M0YzAiOnsiY3JlYXRlIjo2MDAwMDAwMDAwMDAsImRlbGV0ZSI6MTIwMDAwMDAwMDAwMH0sInNjaGVtYV92ZXJzaW9uIjoiMSJ9",
          "dependencies": [
            "module.umg_vpc.aws_vpc.main"
          ],
          "create_before_destroy": true
        },
        {
          "index_key": 1,
          "schema_version": 1,
          "attributes": {
            "arn": "arn:aws:ec2:us-east-2:171114713287:subnet/subnet-0af3668b8c907a412",
            "assign_ipv6_address_on_creation": false,
            "availability_zone": "us-east-2b",
            "availability_zone_id": "use2-az2",
            "cidr_block": "10.0.4.0/24",
            "customer_owned_ipv4_pool": "",
            "id": "subnet-0af3668b8c907a412",
            "ipv6_cidr_block": "",
            "ipv6_cidr_block_association_id": "",
            "map_customer_owned_ip_on_launch": false,
            "map_public_ip_on_launch": false,
            "outpost_arn": "",
            "owner_id": "171114713287",
            "tags": {
              "Name": "umgcoatepeque-subredprivada-1"
            },
            "tags_all": {
              "Name": "umgcoatepeque-subredprivada-1"
            },
            "timeouts": null,
            "vpc_id": "vpc-0dc2e35cb75b41c99"
          },
          "sensitive_attributes": [],
          "private": "eyJlMmJmYjczMC1lY2FhLTExZTYtOGY4OC0zNDM2M2JjN2M0YzAiOnsiY3JlYXRlIjo2MDAwMDAwMDAwMDAsImRlbGV0ZSI6MTIwMDAwMDAwMDAwMH0sInNjaGVtYV92ZXJzaW9uIjoiMSJ9",
          "dependencies": [
            "module.umg_vpc.aws_vpc.main"
          ],
          "create_before_destroy": true
        }
      ]
    },
    {
      "module": "module.umg_vpc",
      "mode": "managed",
      "type": "aws_subnet",
      "name": "main-public",
      "provider": "provider[\"registry.terraform.io/hashicorp/aws\"]",
      "instances": [
        {
          "index_key": 0,
          "schema_version": 1,
          "attributes": {
            "arn": "arn:aws:ec2:us-east-2:171114713287:subnet/subnet-0bc0479b3723dcbf4",
            "assign_ipv6_address_on_creation": false,
            "availability_zone": "us-east-2a",
            "availability_zone_id": "use2-az1",
            "cidr_block": "10.0.1.0/24",
            "customer_owned_ipv4_pool": "",
            "id": "subnet-0bc0479b3723dcbf4",
            "ipv6_cidr_block": "",
            "ipv6_cidr_block_association_id": "",
            "map_customer_owned_ip_on_launch": false,
            "map_public_ip_on_launch": true,
            "outpost_arn": "",
            "owner_id": "171114713287",
            "tags": {
              "Name": "umgcoatepeque-subredpublica-0"
            },
            "tags_all": {
              "Name": "umgcoatepeque-subredpublica-0"
            },
            "timeouts": null,
            "vpc_id": "vpc-0dc2e35cb75b41c99"
          },
          "sensitive_attributes": [],
          "private": "eyJlMmJmYjczMC1lY2FhLTExZTYtOGY4OC0zNDM2M2JjN2M0YzAiOnsiY3JlYXRlIjo2MDAwMDAwMDAwMDAsImRlbGV0ZSI6MTIwMDAwMDAwMDAwMH0sInNjaGVtYV92ZXJzaW9uIjoiMSJ9",
          "dependencies": [
            "module.umg_vpc.aws_vpc.main"
          ]
        },
        {
          "index_key": 1,
          "schema_version": 1,
          "attributes": {
            "arn": "arn:aws:ec2:us-east-2:171114713287:subnet/subnet-08e4b206ec9bb0023",
            "assign_ipv6_address_on_creation": false,
            "availability_zone": "us-east-2b",
            "availability_zone_id": "use2-az2",
            "cidr_block": "10.0.2.0/24",
            "customer_owned_ipv4_pool": "",
            "id": "subnet-08e4b206ec9bb0023",
            "ipv6_cidr_block": "",
            "ipv6_cidr_block_association_id": "",
            "map_customer_owned_ip_on_launch": false,
            "map_public_ip_on_launch": true,
            "outpost_arn": "",
            "owner_id": "171114713287",
            "tags": {
              "Name": "umgcoatepeque-subredpublica-1"
            },
            "tags_all": {
              "Name": "umgcoatepeque-subredpublica-1"
            },
            "timeouts": null,
            "vpc_id": "vpc-0dc2e35cb75b41c99"
          },
          "sensitive_attributes": [],
          "private": "eyJlMmJmYjczMC1lY2FhLTExZTYtOGY4OC0zNDM2M2JjN2M0YzAiOnsiY3JlYXRlIjo2MDAwMDAwMDAwMDAsImRlbGV0ZSI6MTIwMDAwMDAwMDAwMH0sInNjaGVtYV92ZXJzaW9uIjoiMSJ9",
          "dependencies": [
            "module.umg_vpc.aws_vpc.main"
          ]
        }
      ]
    },
    {
      "module": "module.umg_vpc",
      "mode": "managed",
      "type": "aws_vpc",
      "name": "main",
      "provider": "provider[\"registry.terraform.io/hashicorp/aws\"]",
      "instances": [
        {
          "schema_version": 1,
          "attributes": {
            "arn": "arn:aws:ec2:us-east-2:171114713287:vpc/vpc-0dc2e35cb75b41c99",
            "assign_generated_ipv6_cidr_block": false,
            "cidr_block": "10.0.0.0/16",
            "default_network_acl_id": "acl-036d8d59c825ba95b",
            "default_route_table_id": "rtb-0a03edd140281fd68",
            "default_security_group_id": "sg-067479dba8e1ca06a",
            "dhcp_options_id": "dopt-096c1f62",
            "enable_classiclink": false,
            "enable_classiclink_dns_support": null,
            "enable_dns_hostnames": true,
            "enable_dns_support": true,
            "id": "vpc-0dc2e35cb75b41c99",
            "instance_tenancy": "default",
            "ipv6_association_id": "",
            "ipv6_cidr_block": "",
            "main_route_table_id": "rtb-0a03edd140281fd68",
            "owner_id": "171114713287",
            "tags": {
              "Name": "umgcoatepeque-vpc"
            },
            "tags_all": {
              "Name": "umgcoatepeque-vpc"
            }
          },
          "sensitive_attributes": [],
          "private": "eyJzY2hlbWFfdmVyc2lvbiI6IjEifQ==",
          "create_before_destroy": true
        }
      ]
    }
  ]
}
